
Microsoft Visual Studio Solution File, Format Version 11.00
# Visual Studio 2010
Project("{FAE04EC0-301F-11D3-BF4B-00C04F79EFBC}") = "Oinq.Core", "Oinq.Core\Oinq.Core.csproj", "{0E6AB5DD-CAE7-45AC-A0ED-46A8D4566684}"
EndProject
Project("{2150E333-8FDC-42A3-9474-1A3956D46DE8}") = ".nuget", ".nuget", "{D89CC65F-7D04-418D-8211-D3E8322BA3C5}"
	ProjectSection(SolutionItems) = preProject
		.nuget\NuGet.Config = .nuget\NuGet.Config
		.nuget\NuGet.targets = .nuget\NuGet.targets
	EndProjectSection
EndProject
Project("{FAE04EC0-301F-11D3-BF4B-00C04F79EFBC}") = "Oinq.Core.Tests", "Oinq.Core.Tests\Oinq.Core.Tests.csproj", "{EC368E29-EA75-4540-9486-7761AA40DBD1}"
EndProject
Global
	GlobalSection(SolutionConfigurationPlatforms) = preSolution
		Debug|Any CPU = Debug|Any CPU
		Release|Any CPU = Release|Any CPU
	EndGlobalSection
	GlobalSection(ProjectConfigurationPlatforms) = postSolution
		{0E6AB5DD-CAE7-45AC-A0ED-46A8D4566684}.Debug|Any CPU.ActiveCfg = Debug|Any CPU
		{0E6AB5DD-CAE7-45AC-A0ED-46A8D4566684}.Debug|Any CPU.Build.0 = Debug|Any CPU
		{0E6AB5DD-CAE7-45AC-A0ED-46A8D4566684}.Release|Any CPU.ActiveCfg = Release|Any CPU
		{0E6AB5DD-CAE7-45AC-A0ED-46A8D4566684}.Release|Any CPU.Build.0 = Release|Any CPU
		{EC368E29-EA75-4540-9486-7761AA40DBD1}.Debug|Any CPU.ActiveCfg = Debug|Any CPU
		{EC368E29-EA75-4540-9486-7761AA40DBD1}.Debug|Any CPU.Build.0 = Debug|Any CPU
		{EC368E29-EA75-4540-9486-7761AA40DBD1}.Release|Any CPU.ActiveCfg = Release|Any CPU
	EndGlobalSection
	GlobalSection(SolutionProperties) = preSolution
		HideSolutionNode = FALSE
	EndGlobalSection
EndGlobal
