
Microsoft Visual Studio Solution File, Format Version 11.00
# Visual Studio 2010
Project("{FAE04EC0-301F-11D3-BF4B-00C04F79EFBC}") = "Oinq.Core", "Oinq.Core\Oinq.Core.csproj", "{0E6AB5DD-CAE7-45AC-A0ED-46A8D4566684}"
EndProject
Project("{2150E333-8FDC-42A3-9474-1A3956D46DE8}") = ".nuget", ".nuget", "{D89CC65F-7D04-418D-8211-D3E8322BA3C5}"
	ProjectSection(SolutionItems) = preProject
		.nuget\NuGet.Config = .nuget\NuGet.Config
		.nuget\NuGet.targets = .nuget\NuGet.targets
	EndProjectSection
EndProject
Project("{FAE04EC0-301F-11D3-BF4B-00C04F79EFBC}") = "Oinq.Core.Tests", "Oinq.Core.Tests\Oinq.Core.Tests.csproj", "{EC368E29-EA75-4540-9486-7761AA40DBD1}"
EndProject
Project("{2150E333-8FDC-42A3-9474-1A3956D46DE8}") = "Solution Items", "Solution Items", "{80F56D33-0F4B-4A21-9297-90D859B68A24}"
	ProjectSection(SolutionItems) = preProject
		CodeAnalysisRuleSets.ruleset = CodeAnalysisRuleSets.ruleset
	EndProjectSection
EndProject
Project("{FAE04EC0-301F-11D3-BF4B-00C04F79EFBC}") = "Oinq.EdgeSpring.Tests", "Oinq.EdgeSpring.Tests\Oinq.EdgeSpring.Tests.csproj", "{3E350F9B-D176-4D93-AABA-AE9801D5CDFA}"
EndProject
Project("{2150E333-8FDC-42A3-9474-1A3956D46DE8}") = "Tests", "Tests", "{6872BD0D-A023-4C31-BF88-7E6F1B199B5A}"
EndProject
Project("{FAE04EC0-301F-11D3-BF4B-00C04F79EFBC}") = "Oinq.EdgeSpring", "Oinq.EdgeSpring\Oinq.EdgeSpring.csproj", "{00AEB212-EB21-47A3-B817-428596284079}"
EndProject
Global
	GlobalSection(SolutionConfigurationPlatforms) = preSolution
		Debug|Any CPU = Debug|Any CPU
		Release|Any CPU = Release|Any CPU
	EndGlobalSection
	GlobalSection(ProjectConfigurationPlatforms) = postSolution
		{0E6AB5DD-CAE7-45AC-A0ED-46A8D4566684}.Debug|Any CPU.ActiveCfg = Debug|Any CPU
		{0E6AB5DD-CAE7-45AC-A0ED-46A8D4566684}.Debug|Any CPU.Build.0 = Debug|Any CPU
		{0E6AB5DD-CAE7-45AC-A0ED-46A8D4566684}.Release|Any CPU.ActiveCfg = Release|Any CPU
		{0E6AB5DD-CAE7-45AC-A0ED-46A8D4566684}.Release|Any CPU.Build.0 = Release|Any CPU
		{EC368E29-EA75-4540-9486-7761AA40DBD1}.Debug|Any CPU.ActiveCfg = Debug|Any CPU
		{EC368E29-EA75-4540-9486-7761AA40DBD1}.Debug|Any CPU.Build.0 = Debug|Any CPU
		{EC368E29-EA75-4540-9486-7761AA40DBD1}.Release|Any CPU.ActiveCfg = Release|Any CPU
		{3E350F9B-D176-4D93-AABA-AE9801D5CDFA}.Debug|Any CPU.ActiveCfg = Debug|Any CPU
		{3E350F9B-D176-4D93-AABA-AE9801D5CDFA}.Debug|Any CPU.Build.0 = Debug|Any CPU
		{3E350F9B-D176-4D93-AABA-AE9801D5CDFA}.Release|Any CPU.ActiveCfg = Release|Any CPU
		{3E350F9B-D176-4D93-AABA-AE9801D5CDFA}.Release|Any CPU.Build.0 = Release|Any CPU
		{00AEB212-EB21-47A3-B817-428596284079}.Debug|Any CPU.ActiveCfg = Debug|Any CPU
		{00AEB212-EB21-47A3-B817-428596284079}.Debug|Any CPU.Build.0 = Debug|Any CPU
		{00AEB212-EB21-47A3-B817-428596284079}.Release|Any CPU.ActiveCfg = Release|Any CPU
		{00AEB212-EB21-47A3-B817-428596284079}.Release|Any CPU.Build.0 = Release|Any CPU
	EndGlobalSection
	GlobalSection(SolutionProperties) = preSolution
		HideSolutionNode = FALSE
	EndGlobalSection
	GlobalSection(NestedProjects) = preSolution
		{3E350F9B-D176-4D93-AABA-AE9801D5CDFA} = {6872BD0D-A023-4C31-BF88-7E6F1B199B5A}
		{EC368E29-EA75-4540-9486-7761AA40DBD1} = {6872BD0D-A023-4C31-BF88-7E6F1B199B5A}
	EndGlobalSection
EndGlobal
